
Microsoft Visual Studio Solution File, Format Version 12.00
# Visual Studio 2017
Project("{FAE04EC0-301F-11D3-BF4B-00C04F79EFBC}") = "Game_of_Life_Practice_Zim", "Game_of_Life_Practice_Zim.csproj", "{22A2317C-7A2A-5F8B-FD00-0F644C02BE48}"
EndProject
Project("{FAE04EC0-301F-11D3-BF4B-00C04F79EFBC}") = "Game_of_Life_Practice_Zim.Editor", "Game_of_Life_Practice_Zim.Editor.csproj", "{6279E643-869B-3976-1A5B-FD67636DDFCA}"
EndProject
Global
	GlobalSection(SolutionConfigurationPlatforms) = preSolution
		Debug|Any CPU = Debug|Any CPU
		Release|Any CPU = Release|Any CPU
	EndGlobalSection
	GlobalSection(ProjectConfigurationPlatforms) = postSolution
		{22A2317C-7A2A-5F8B-FD00-0F644C02BE48}.Debug|Any CPU.ActiveCfg = Debug|Any CPU
		{22A2317C-7A2A-5F8B-FD00-0F644C02BE48}.Debug|Any CPU.Build.0 = Debug|Any CPU
		{22A2317C-7A2A-5F8B-FD00-0F644C02BE48}.Release|Any CPU.ActiveCfg = Release|Any CPU
		{22A2317C-7A2A-5F8B-FD00-0F644C02BE48}.Release|Any CPU.Build.0 = Release|Any CPU
		{6279E643-869B-3976-1A5B-FD67636DDFCA}.Debug|Any CPU.ActiveCfg = Debug|Any CPU
		{6279E643-869B-3976-1A5B-FD67636DDFCA}.Debug|Any CPU.Build.0 = Debug|Any CPU
		{6279E643-869B-3976-1A5B-FD67636DDFCA}.Release|Any CPU.ActiveCfg = Release|Any CPU
		{6279E643-869B-3976-1A5B-FD67636DDFCA}.Release|Any CPU.Build.0 = Release|Any CPU
	EndGlobalSection
	GlobalSection(SolutionProperties) = preSolution
		HideSolutionNode = FALSE
	EndGlobalSection
EndGlobal
